// !$*UTF8*$!
{
	archiveVersion = 1;
	classes = {
	};
	objectVersion = 46;
	objects = {

/* Begin PBXBuildFile section */
		57733BB81AE9CF5200FD71E3 /* main.m in Sources */ = {isa = PBXBuildFile; fileRef = 57733BB71AE9CF5200FD71E3 /* main.m */; };
		57733BBB1AE9CF5200FD71E3 /* AppDelegate.m in Sources */ = {isa = PBXBuildFile; fileRef = 57733BBA1AE9CF5200FD71E3 /* AppDelegate.m */; };
		57733BBE1AE9CF5200FD71E3 /* ViewController.m in Sources */ = {isa = PBXBuildFile; fileRef = 57733BBD1AE9CF5200FD71E3 /* ViewController.m */; };
		57733BC31AE9CF5200FD71E3 /* Images.xcassets in Resources */ = {isa = PBXBuildFile; fileRef = 57733BC21AE9CF5200FD71E3 /* Images.xcassets */; };
		57733BD21AE9CF5200FD71E3 /* RYSearchTests.m in Sources */ = {isa = PBXBuildFile; fileRef = 57733BD11AE9CF5200FD71E3 /* RYSearchTests.m */; };
		57733BDE1AE9D4A000FD71E3 /* RYSearchBar.m in Sources */ = {isa = PBXBuildFile; fileRef = 57733BDD1AE9D4A000FD71E3 /* RYSearchBar.m */; };
		57733BE11AE9D4B900FD71E3 /* RYSearchDelegate.m in Sources */ = {isa = PBXBuildFile; fileRef = 57733BE01AE9D4B900FD71E3 /* RYSearchDelegate.m */; };
		57733BE81AE9E08500FD71E3 /* RYSearchTagView.m in Sources */ = {isa = PBXBuildFile; fileRef = 57733BE71AE9E08500FD71E3 /* RYSearchTagView.m */; };
		57733BEB1AE9F48300FD71E3 /* RYSearchTableViewCell.m in Sources */ = {isa = PBXBuildFile; fileRef = 57733BEA1AE9F48300FD71E3 /* RYSearchTableViewCell.m */; };
		57733BEF1AE9F85300FD71E3 /* UIButton+ArrayButton.m in Sources */ = {isa = PBXBuildFile; fileRef = 57733BEE1AE9F85300FD71E3 /* UIButton+ArrayButton.m */; };
/* End PBXBuildFile section */

/* Begin PBXContainerItemProxy section */
		57733BCC1AE9CF5200FD71E3 /* PBXContainerItemProxy */ = {
			isa = PBXContainerItemProxy;
			containerPortal = 57733BAA1AE9CF5200FD71E3 /* Project object */;
			proxyType = 1;
			remoteGlobalIDString = 57733BB11AE9CF5200FD71E3;
			remoteInfo = RYSearch;
		};
/* End PBXContainerItemProxy section */

/* Begin PBXFileReference section */
		57733BB21AE9CF5200FD71E3 /* RYSearch.app */ = {isa = PBXFileReference; explicitFileType = wrapper.application; includeInIndex = 0; path = RYSearch.app; sourceTree = BUILT_PRODUCTS_DIR; };
		57733BB61AE9CF5200FD71E3 /* Info.plist */ = {isa = PBXFileReference; lastKnownFileType = text.plist.xml; path = Info.plist; sourceTree = "<group>"; };
		57733BB71AE9CF5200FD71E3 /* main.m */ = {isa = PBXFileReference; lastKnownFileType = sourcecode.c.objc; path = main.m; sourceTree = "<group>"; };
		57733BB91AE9CF5200FD71E3 /* AppDelegate.h */ = {isa = PBXFileReference; lastKnownFileType = sourcecode.c.h; path = AppDelegate.h; sourceTree = "<group>"; };
		57733BBA1AE9CF5200FD71E3 /* AppDelegate.m */ = {isa = PBXFileReference; lastKnownFileType = sourcecode.c.objc; path = AppDelegate.m; sourceTree = "<group>"; };
		57733BBC1AE9CF5200FD71E3 /* ViewController.h */ = {isa = PBXFileReference; lastKnownFileType = sourcecode.c.h; path = ViewController.h; sourceTree = "<group>"; };
		57733BBD1AE9CF5200FD71E3 /* ViewController.m */ = {isa = PBXFileReference; lastKnownFileType = sourcecode.c.objc; path = ViewController.m; sourceTree = "<group>"; };
		57733BC21AE9CF5200FD71E3 /* Images.xcassets */ = {isa = PBXFileReference; lastKnownFileType = folder.assetcatalog; path = Images.xcassets; sourceTree = "<group>"; };
		57733BCB1AE9CF5200FD71E3 /* RYSearchTests.xctest */ = {isa = PBXFileReference; explicitFileType = wrapper.cfbundle; includeInIndex = 0; path = RYSearchTests.xctest; sourceTree = BUILT_PRODUCTS_DIR; };
		57733BD01AE9CF5200FD71E3 /* Info.plist */ = {isa = PBXFileReference; lastKnownFileType = text.plist.xml; path = Info.plist; sourceTree = "<group>"; };
		57733BD11AE9CF5200FD71E3 /* RYSearchTests.m */ = {isa = PBXFileReference; lastKnownFileType = sourcecode.c.objc; path = RYSearchTests.m; sourceTree = "<group>"; };
		57733BDB1AE9D05800FD71E3 /* PrefixHeader.pch */ = {isa = PBXFileReference; lastKnownFileType = sourcecode.c.h; path = PrefixHeader.pch; sourceTree = "<group>"; };
		57733BDC1AE9D4A000FD71E3 /* RYSearchBar.h */ = {isa = PBXFileReference; fileEncoding = 4; lastKnownFileType = sourcecode.c.h; path = RYSearchBar.h; sourceTree = "<group>"; };
		57733BDD1AE9D4A000FD71E3 /* RYSearchBar.m */ = {isa = PBXFileReference; fileEncoding = 4; lastKnownFileType = sourcecode.c.objc; path = RYSearchBar.m; sourceTree = "<group>"; };
		57733BDF1AE9D4B900FD71E3 /* RYSearchDelegate.h */ = {isa = PBXFileReference; fileEncoding = 4; lastKnownFileType = sourcecode.c.h; path = RYSearchDelegate.h; sourceTree = "<group>"; };
		57733BE01AE9D4B900FD71E3 /* RYSearchDelegate.m */ = {isa = PBXFileReference; fileEncoding = 4; lastKnownFileType = sourcecode.c.objc; path = RYSearchDelegate.m; sourceTree = "<group>"; };
		57733BE61AE9E08500FD71E3 /* RYSearchTagView.h */ = {isa = PBXFileReference; fileEncoding = 4; lastKnownFileType = sourcecode.c.h; path = RYSearchTagView.h; sourceTree = "<group>"; };
		57733BE71AE9E08500FD71E3 /* RYSearchTagView.m */ = {isa = PBXFileReference; fileEncoding = 4; lastKnownFileType = sourcecode.c.objc; path = RYSearchTagView.m; sourceTree = "<group>"; };
		57733BE91AE9F48300FD71E3 /* RYSearchTableViewCell.h */ = {isa = PBXFileReference; fileEncoding = 4; lastKnownFileType = sourcecode.c.h; path = RYSearchTableViewCell.h; sourceTree = "<group>"; };
		57733BEA1AE9F48300FD71E3 /* RYSearchTableViewCell.m */ = {isa = PBXFileReference; fileEncoding = 4; lastKnownFileType = sourcecode.c.objc; path = RYSearchTableViewCell.m; sourceTree = "<group>"; };
		57733BED1AE9F85300FD71E3 /* UIButton+ArrayButton.h */ = {isa = PBXFileReference; fileEncoding = 4; lastKnownFileType = sourcecode.c.h; path = "UIButton+ArrayButton.h"; sourceTree = "<group>"; };
		57733BEE1AE9F85300FD71E3 /* UIButton+ArrayButton.m */ = {isa = PBXFileReference; fileEncoding = 4; lastKnownFileType = sourcecode.c.objc; path = "UIButton+ArrayButton.m"; sourceTree = "<group>"; };
/* End PBXFileReference section */

/* Begin PBXFrameworksBuildPhase section */
		57733BAF1AE9CF5200FD71E3 /* Frameworks */ = {
			isa = PBXFrameworksBuildPhase;
			buildActionMask = 2147483647;
			files = (
			);
			runOnlyForDeploymentPostprocessing = 0;
		};
		57733BC81AE9CF5200FD71E3 /* Frameworks */ = {
			isa = PBXFrameworksBuildPhase;
			buildActionMask = 2147483647;
			files = (
			);
			runOnlyForDeploymentPostprocessing = 0;
		};
/* End PBXFrameworksBuildPhase section */

/* Begin PBXGroup section */
		57733BA91AE9CF5200FD71E3 = {
			isa = PBXGroup;
			children = (
				57733BB41AE9CF5200FD71E3 /* RYSearch */,
				57733BCE1AE9CF5200FD71E3 /* RYSearchTests */,
				57733BB31AE9CF5200FD71E3 /* Products */,
			);
			sourceTree = "<group>";
		};
		57733BB31AE9CF5200FD71E3 /* Products */ = {
			isa = PBXGroup;
			children = (
				57733BB21AE9CF5200FD71E3 /* RYSearch.app */,
				57733BCB1AE9CF5200FD71E3 /* RYSearchTests.xctest */,
			);
			name = Products;
			sourceTree = "<group>";
		};
		57733BB41AE9CF5200FD71E3 /* RYSearch */ = {
			isa = PBXGroup;
			children = (
				57733BE31AE9DFE000FD71E3 /* Model */,
				57733BE21AE9DFD900FD71E3 /* View */,
				57733BE51AE9E00300FD71E3 /* Controller */,
				57733BEC1AE9F82700FD71E3 /* Category */,
				57733BB51AE9CF5200FD71E3 /* Supporting Files */,
			);
			path = RYSearch;
			sourceTree = "<group>";
		};
		57733BB51AE9CF5200FD71E3 /* Supporting Files */ = {
			isa = PBXGroup;
			children = (
				57733BB91AE9CF5200FD71E3 /* AppDelegate.h */,
				57733BBA1AE9CF5200FD71E3 /* AppDelegate.m */,
				57733BC21AE9CF5200FD71E3 /* Images.xcassets */,
				57733BB61AE9CF5200FD71E3 /* Info.plist */,
				57733BB71AE9CF5200FD71E3 /* main.m */,
				57733BDB1AE9D05800FD71E3 /* PrefixHeader.pch */,
			);
			name = "Supporting Files";
			sourceTree = "<group>";
		};
		57733BCE1AE9CF5200FD71E3 /* RYSearchTests */ = {
			isa = PBXGroup;
			children = (
				57733BD11AE9CF5200FD71E3 /* RYSearchTests.m */,
				57733BCF1AE9CF5200FD71E3 /* Supporting Files */,
			);
			path = RYSearchTests;
			sourceTree = "<group>";
		};
		57733BCF1AE9CF5200FD71E3 /* Supporting Files */ = {
			isa = PBXGroup;
			children = (
				57733BD01AE9CF5200FD71E3 /* Info.plist */,
			);
			name = "Supporting Files";
			sourceTree = "<group>";
		};
		57733BE21AE9DFD900FD71E3 /* View */ = {
			isa = PBXGroup;
			children = (
				57733BDC1AE9D4A000FD71E3 /* RYSearchBar.h */,
				57733BDD1AE9D4A000FD71E3 /* RYSearchBar.m */,
				57733BE61AE9E08500FD71E3 /* RYSearchTagView.h */,
				57733BE71AE9E08500FD71E3 /* RYSearchTagView.m */,
				57733BE91AE9F48300FD71E3 /* RYSearchTableViewCell.h */,
				57733BEA1AE9F48300FD71E3 /* RYSearchTableViewCell.m */,
			);
			name = View;
			sourceTree = "<group>";
		};
		57733BE31AE9DFE000FD71E3 /* Model */ = {
			isa = PBXGroup;
			children = (
				57733BDF1AE9D4B900FD71E3 /* RYSearchDelegate.h */,
				57733BE01AE9D4B900FD71E3 /* RYSearchDelegate.m */,
			);
			name = Model;
			sourceTree = "<group>";
		};
		57733BE51AE9E00300FD71E3 /* Controller */ = {
			isa = PBXGroup;
			children = (
				57733BBC1AE9CF5200FD71E3 /* ViewController.h */,
				57733BBD1AE9CF5200FD71E3 /* ViewController.m */,
			);
			name = Controller;
			sourceTree = "<group>";
		};
		57733BEC1AE9F82700FD71E3 /* Category */ = {
			isa = PBXGroup;
			children = (
				57733BED1AE9F85300FD71E3 /* UIButton+ArrayButton.h */,
				57733BEE1AE9F85300FD71E3 /* UIButton+ArrayButton.m */,
			);
			name = Category;
			sourceTree = "<group>";
		};
/* End PBXGroup section */

/* Begin PBXNativeTarget section */
		57733BB11AE9CF5200FD71E3 /* RYSearch */ = {
			isa = PBXNativeTarget;
			buildConfigurationList = 57733BD51AE9CF5200FD71E3 /* Build configuration list for PBXNativeTarget "RYSearch" */;
			buildPhases = (
				57733BAE1AE9CF5200FD71E3 /* Sources */,
				57733BAF1AE9CF5200FD71E3 /* Frameworks */,
				57733BB01AE9CF5200FD71E3 /* Resources */,
			);
			buildRules = (
			);
			dependencies = (
			);
			name = RYSearch;
			productName = RYSearch;
			productReference = 57733BB21AE9CF5200FD71E3 /* RYSearch.app */;
			productType = "com.apple.product-type.application";
		};
		57733BCA1AE9CF5200FD71E3 /* RYSearchTests */ = {
			isa = PBXNativeTarget;
			buildConfigurationList = 57733BD81AE9CF5200FD71E3 /* Build configuration list for PBXNativeTarget "RYSearchTests" */;
			buildPhases = (
				57733BC71AE9CF5200FD71E3 /* Sources */,
				57733BC81AE9CF5200FD71E3 /* Frameworks */,
				57733BC91AE9CF5200FD71E3 /* Resources */,
			);
			buildRules = (
			);
			dependencies = (
				57733BCD1AE9CF5200FD71E3 /* PBXTargetDependency */,
			);
			name = RYSearchTests;
			productName = RYSearchTests;
			productReference = 57733BCB1AE9CF5200FD71E3 /* RYSearchTests.xctest */;
			productType = "com.apple.product-type.bundle.unit-test";
		};
/* End PBXNativeTarget section */

/* Begin PBXProject section */
		57733BAA1AE9CF5200FD71E3 /* Project object */ = {
			isa = PBXProject;
			attributes = {
				LastUpgradeCheck = 0630;
				ORGANIZATIONNAME = NationSky;
				TargetAttributes = {
					57733BB11AE9CF5200FD71E3 = {
						CreatedOnToolsVersion = 6.3;
					};
					57733BCA1AE9CF5200FD71E3 = {
						CreatedOnToolsVersion = 6.3;
						TestTargetID = 57733BB11AE9CF5200FD71E3;
					};
				};
			};
			buildConfigurationList = 57733BAD1AE9CF5200FD71E3 /* Build configuration list for PBXProject "RYSearch" */;
			compatibilityVersion = "Xcode 3.2";
			developmentRegion = English;
			hasScannedForEncodings = 0;
			knownRegions = (
				en,
				Base,
			);
			mainGroup = 57733BA91AE9CF5200FD71E3;
			productRefGroup = 57733BB31AE9CF5200FD71E3 /* Products */;
			projectDirPath = "";
			projectRoot = "";
			targets = (
				57733BB11AE9CF5200FD71E3 /* RYSearch */,
				57733BCA1AE9CF5200FD71E3 /* RYSearchTests */,
			);
		};
/* End PBXProject section */

/* Begin PBXResourcesBuildPhase section */
		57733BB01AE9CF5200FD71E3 /* Resources */ = {
			isa = PBXResourcesBuildPhase;
			buildActionMask = 2147483647;
			files = (
				57733BC31AE9CF5200FD71E3 /* Images.xcassets in Resources */,
			);
			runOnlyForDeploymentPostprocessing = 0;
		};
		57733BC91AE9CF5200FD71E3 /* Resources */ = {
			isa = PBXResourcesBuildPhase;
			buildActionMask = 2147483647;
			files = (
			);
			runOnlyForDeploymentPostprocessing = 0;
		};
/* End PBXResourcesBuildPhase section */

/* Begin PBXSourcesBuildPhase section */
		57733BAE1AE9CF5200FD71E3 /* Sources */ = {
			isa = PBXSourcesBuildPhase;
			buildActionMask = 2147483647;
			files = (
				57733BBE1AE9CF5200FD71E3 /* ViewController.m in Sources */,
				57733BEF1AE9F85300FD71E3 /* UIButton+ArrayButton.m in Sources */,
				57733BE11AE9D4B900FD71E3 /* RYSearchDelegate.m in Sources */,
				57733BE81AE9E08500FD71E3 /* RYSearchTagView.m in Sources */,
				57733BBB1AE9CF5200FD71E3 /* AppDelegate.m in Sources */,
				57733BDE1AE9D4A000FD71E3 /* RYSearchBar.m in Sources */,
				57733BB81AE9CF5200FD71E3 /* main.m in Sources */,
				57733BEB1AE9F48300FD71E3 /* RYSearchTableViewCell.m in Sources */,
			);
			runOnlyForDeploymentPostprocessing = 0;
		};
		57733BC71AE9CF5200FD71E3 /* Sources */ = {
			isa = PBXSourcesBuildPhase;
			buildActionMask = 2147483647;
			files = (
				57733BD21AE9CF5200FD71E3 /* RYSearchTests.m in Sources */,
			);
			runOnlyForDeploymentPostprocessing = 0;
		};
/* End PBXSourcesBuildPhase section */

/* Begin PBXTargetDependency section */
		57733BCD1AE9CF5200FD71E3 /* PBXTargetDependency */ = {
			isa = PBXTargetDependency;
			target = 57733BB11AE9CF5200FD71E3 /* RYSearch */;
			targetProxy = 57733BCC1AE9CF5200FD71E3 /* PBXContainerItemProxy */;
		};
/* End PBXTargetDependency section */

/* Begin XCBuildConfiguration section */
		57733BD31AE9CF5200FD71E3 /* Debug */ = {
			isa = XCBuildConfiguration;
			buildSettings = {
				ALWAYS_SEARCH_USER_PATHS = NO;
				CLANG_CXX_LANGUAGE_STANDARD = "gnu++0x";
				CLANG_CXX_LIBRARY = "libc++";
				CLANG_ENABLE_MODULES = YES;
				CLANG_ENABLE_OBJC_ARC = YES;
				CLANG_WARN_BOOL_CONVERSION = YES;
				CLANG_WARN_CONSTANT_CONVERSION = YES;
				CLANG_WARN_DIRECT_OBJC_ISA_USAGE = YES_ERROR;
				CLANG_WARN_EMPTY_BODY = YES;
				CLANG_WARN_ENUM_CONVERSION = YES;
				CLANG_WARN_INT_CONVERSION = YES;
				CLANG_WARN_OBJC_ROOT_CLASS = YES_ERROR;
				CLANG_WARN_UNREACHABLE_CODE = YES;
				CLANG_WARN__DUPLICATE_METHOD_MATCH = YES;
				"CODE_SIGN_IDENTITY[sdk=iphoneos*]" = "iPhone Developer";
				COPY_PHASE_STRIP = NO;
				DEBUG_INFORMATION_FORMAT = "dwarf-with-dsym";
				ENABLE_STRICT_OBJC_MSGSEND = YES;
				GCC_C_LANGUAGE_STANDARD = gnu99;
				GCC_DYNAMIC_NO_PIC = NO;
				GCC_NO_COMMON_BLOCKS = YES;
				GCC_OPTIMIZATION_LEVEL = 0;
				GCC_PREPROCESSOR_DEFINITIONS = (
					"DEBUG=1",
					"$(inherited)",
				);
				GCC_SYMBOLS_PRIVATE_EXTERN = NO;
				GCC_WARN_64_TO_32_BIT_CONVERSION = YES;
				GCC_WARN_ABOUT_RETURN_TYPE = YES_ERROR;
				GCC_WARN_UNDECLARED_SELECTOR = YES;
				GCC_WARN_UNINITIALIZED_AUTOS = YES_AGGRESSIVE;
				GCC_WARN_UNUSED_FUNCTION = YES;
				GCC_WARN_UNUSED_VARIABLE = YES;
				IPHONEOS_DEPLOYMENT_TARGET = 8.3;
				MTL_ENABLE_DEBUG_INFO = YES;
				ONLY_ACTIVE_ARCH = YES;
				SDKROOT = iphoneos;
			};
			name = Debug;
		};
		57733BD41AE9CF5200FD71E3 /* Release */ = {
			isa = XCBuildConfiguration;
			buildSettings = {
				ALWAYS_SEARCH_USER_PATHS = NO;
				CLANG_CXX_LANGUAGE_STANDARD = "gnu++0x";
				CLANG_CXX_LIBRARY = "libc++";
				CLANG_ENABLE_MODULES = YES;
				CLANG_ENABLE_OBJC_ARC = YES;
				CLANG_WARN_BOOL_CONVERSION = YES;
				CLANG_WARN_CONSTANT_CONVERSION = YES;
				CLANG_WARN_DIRECT_OBJC_ISA_USAGE = YES_ERROR;
				CLANG_WARN_EMPTY_BODY = YES;
				CLANG_WARN_ENUM_CONVERSION = YES;
				CLANG_WARN_INT_CONVERSION = YES;
				CLANG_WARN_OBJC_ROOT_CLASS = YES_ERROR;
				CLANG_WARN_UNREACHABLE_CODE = YES;
				CLANG_WARN__DUPLICATE_METHOD_MATCH = YES;
				"CODE_SIGN_IDENTITY[sdk=iphoneos*]" = "iPhone Developer";
				COPY_PHASE_STRIP = NO;
				DEBUG_INFORMATION_FORMAT = "dwarf-with-dsym";
				ENABLE_NS_ASSERTIONS = NO;
				ENABLE_STRICT_OBJC_MSGSEND = YES;
				GCC_C_LANGUAGE_STANDARD = gnu99;
				GCC_NO_COMMON_BLOCKS = YES;
				GCC_WARN_64_TO_32_BIT_CONVERSION = YES;
				GCC_WARN_ABOUT_RETURN_TYPE = YES_ERROR;
				GCC_WARN_UNDECLARED_SELECTOR = YES;
				GCC_WARN_UNINITIALIZED_AUTOS = YES_AGGRESSIVE;
				GCC_WARN_UNUSED_FUNCTION = YES;
				GCC_WARN_UNUSED_VARIABLE = YES;
				IPHONEOS_DEPLOYMENT_TARGET = 8.3;
				MTL_ENABLE_DEBUG_INFO = NO;
				SDKROOT = iphoneos;
				VALIDATE_PRODUCT = YES;
			};
			name = Release;
		};
		57733BD61AE9CF5200FD71E3 /* Debug */ = {
			isa = XCBuildConfiguration;
			buildSettings = {
				ASSETCATALOG_COMPILER_APPICON_NAME = AppIcon;
				ASSETCATALOG_COMPILER_LAUNCHIMAGE_NAME = LaunchImage;
				GCC_PREFIX_HEADER = RYSearch/PrefixHeader.pch;
				INFOPLIST_FILE = RYSearch/Info.plist;
				IPHONEOS_DEPLOYMENT_TARGET = 7.0;
				LD_RUNPATH_SEARCH_PATHS = "$(inherited) @executable_path/Frameworks";
				PRODUCT_NAME = "$(TARGET_NAME)";
			};
			name = Debug;
		};
		57733BD71AE9CF5200FD71E3 /* Release */ = {
			isa = XCBuildConfiguration;
			buildSettings = {
				ASSETCATALOG_COMPILER_APPICON_NAME = AppIcon;
				ASSETCATALOG_COMPILER_LAUNCHIMAGE_NAME = LaunchImage;
				GCC_PREFIX_HEADER = RYSearch/PrefixHeader.pch;
				INFOPLIST_FILE = RYSearch/Info.plist;
				IPHONEOS_DEPLOYMENT_TARGET = 7.0;
				LD_RUNPATH_SEARCH_PATHS = "$(inherited) @executable_path/Frameworks";
				PRODUCT_NAME = "$(TARGET_NAME)";
			};
			name = Release;
		};
		57733BD91AE9CF5200FD71E3 /* Debug */ = {
			isa = XCBuildConfiguration;
			buildSettings = {
				BUNDLE_LOADER = "$(TEST_HOST)";
				FRAMEWORK_SEARCH_PATHS = (
					"$(SDKROOT)/Developer/Library/Frameworks",
					"$(inherited)",
				);
				GCC_PREPROCESSOR_DEFINITIONS = (
					"DEBUG=1",
					"$(inherited)",
				);
				INFOPLIST_FILE = RYSearchTests/Info.plist;
				LD_RUNPATH_SEARCH_PATHS = "$(inherited) @executable_path/Frameworks @loader_path/Frameworks";
				PRODUCT_NAME = "$(TARGET_NAME)";
				TEST_HOST = "$(BUILT_PRODUCTS_DIR)/RYSearch.app/RYSearch";
			};
			name = Debug;
		};
		57733BDA1AE9CF5200FD71E3 /* Release */ = {
			isa = XCBuildConfiguration;
			buildSettings = {
				BUNDLE_LOADER = "$(TEST_HOST)";
				FRAMEWORK_SEARCH_PATHS = (
					"$(SDKROOT)/Developer/Library/Frameworks",
					"$(inherited)",
				);
				INFOPLIST_FILE = RYSearchTests/Info.plist;
				LD_RUNPATH_SEARCH_PATHS = "$(inherited) @executable_path/Frameworks @loader_path/Frameworks";
				PRODUCT_NAME = "$(TARGET_NAME)";
				TEST_HOST = "$(BUILT_PRODUCTS_DIR)/RYSearch.app/RYSearch";
			};
			name = Release;
		};
/* End XCBuildConfiguration section */

/* Begin XCConfigurationList section */
		57733BAD1AE9CF5200FD71E3 /* Build configuration list for PBXProject "RYSearch" */ = {
			isa = XCConfigurationList;
			buildConfigurations = (
				57733BD31AE9CF5200FD71E3 /* Debug */,
				57733BD41AE9CF5200FD71E3 /* Release */,
			);
			defaultConfigurationIsVisible = 0;
			defaultConfigurationName = Release;
		};
		57733BD51AE9CF5200FD71E3 /* Build configuration list for PBXNativeTarget "RYSearch" */ = {
			isa = XCConfigurationList;
			buildConfigurations = (
				57733BD61AE9CF5200FD71E3 /* Debug */,
				57733BD71AE9CF5200FD71E3 /* Release */,
			);
			defaultConfigurationIsVisible = 0;
			defaultConfigurationName = Release;
		};
		57733BD81AE9CF5200FD71E3 /* Build configuration list for PBXNativeTarget "RYSearchTests" */ = {
			isa = XCConfigurationList;
			buildConfigurations = (
				57733BD91AE9CF5200FD71E3 /* Debug */,
				57733BDA1AE9CF5200FD71E3 /* Release */,
			);
			defaultConfigurationIsVisible = 0;
			defaultConfigurationName = Release;
		};
/* End XCConfigurationList section */
	};
	rootObject = 57733BAA1AE9CF5200FD71E3 /* Project object */;
}
